<?xml version="1.0" encoding="utf-8"?>
<Project ToolsVersion="4.0" xmlns="http://schemas.microsoft.com/developer/msbuild/2003">
  <ItemGroup>
    <ClCompile Include="main.cpp">
      <Filter>Source Files</Filter>
    </ClCompile>
    <ClCompile Include="Game.cpp">
      <Filter>Source Files</Filter>
    </ClCompile>
    <ClCompile Include="Tokenizer.cpp">
      <Filter>Source Files\Utility</Filter>
    </ClCompile>
    <ClCompile Include="Timer.cpp">
      <Filter>Source Files\Utility</Filter>
    </ClCompile>
    <ClCompile Include="NetworkServices.cpp">
      <Filter>Source Files\Network</Filter>
    </ClCompile>
    <ClCompile Include="ClientNetwork.cpp">
      <Filter>Source Files\Network</Filter>
    </ClCompile>
    <ClCompile Include="Entity.cpp">
      <Filter>Source Files\GameObjects</Filter>
    </ClCompile>
    <ClCompile Include="Camera.cpp">
      <Filter>Source Files\GameObjects</Filter>
    </ClCompile>
    <ClCompile Include="PhysicalEntity.cpp">
      <Filter>Source Files\GameObjects</Filter>
    </ClCompile>
    <ClCompile Include="Player.cpp">
      <Filter>Source Files\GameObjects</Filter>
    </ClCompile>
    <ClCompile Include="Transform.cpp">
      <Filter>Source Files\Wrappers</Filter>
    </ClCompile>
    <ClCompile Include="ShaderProgram.cpp">
      <Filter>Source Files\Wrappers</Filter>
    </ClCompile>
    <ClCompile Include="Mesh.cpp">
      <Filter>Source Files\Wrappers</Filter>
    </ClCompile>
    <ClCompile Include="MessageHandler.cpp">
      <Filter>Source Files\Wrappers</Filter>
    </ClCompile>
    <ClCompile Include="Texture.cpp">
      <Filter>Source Files\Wrappers</Filter>
    </ClCompile>
    <ClCompile Include="BoxCollider.cpp" />
    <ClCompile Include="MeshAnimator.cpp" />
  </ItemGroup>
  <ItemGroup>
    <ClInclude Include="Game.h">
      <Filter>Header Files</Filter>
    </ClInclude>
    <ClInclude Include="main.h">
      <Filter>Header Files</Filter>
    </ClInclude>
    <ClInclude Include="Tokenizer.h">
      <Filter>Header Files\Utility</Filter>
    </ClInclude>
    <ClInclude Include="Timer.h">
      <Filter>Header Files\Utility</Filter>
    </ClInclude>
    <ClInclude Include="FormatString.h">
      <Filter>Header Files\Utility</Filter>
    </ClInclude>
    <ClInclude Include="Packet.h">
      <Filter>Header Files\Network</Filter>
    </ClInclude>
    <ClInclude Include="ClientNetwork.h">
      <Filter>Header Files\Network</Filter>
    </ClInclude>
    <ClInclude Include="NetworkServices.h">
      <Filter>Header Files\Network</Filter>
    </ClInclude>
    <ClInclude Include="Entity.h">
      <Filter>Header Files\GameObjects</Filter>
    </ClInclude>
    <ClInclude Include="Camera.h">
      <Filter>Header Files\GameObjects</Filter>
    </ClInclude>
    <ClInclude Include="PhysicalEntity.h">
      <Filter>Header Files\GameObjects</Filter>
    </ClInclude>
    <ClInclude Include="Player.h">
      <Filter>Header Files\GameObjects</Filter>
    </ClInclude>
    <ClInclude Include="Transform.h">
      <Filter>Header Files\Wrappers</Filter>
    </ClInclude>
    <ClInclude Include="ShaderProgram.h">
      <Filter>Header Files\Wrappers</Filter>
    </ClInclude>
    <ClInclude Include="Mesh.h">
      <Filter>Header Files\Wrappers</Filter>
    </ClInclude>
    <ClInclude Include="MessageHandler.h">
      <Filter>Header Files\Wrappers</Filter>
    </ClInclude>
    <ClInclude Include="Texture.h">
      <Filter>Header Files\Wrappers</Filter>
    </ClInclude>
    <ClInclude Include="BoxCollider.h" />
    <ClInclude Include="MeshAnimator.h" />
  </ItemGroup>
  <ItemGroup>
    <Filter Include="Source Files">
      <UniqueIdentifier>{614309f4-ed80-4813-a3ba-d18b0e93dc1a}</UniqueIdentifier>
    </Filter>
    <Filter Include="Header Files">
      <UniqueIdentifier>{3fc8041a-8cdb-4eca-892e-837d9c27d308}</UniqueIdentifier>
    </Filter>
    <Filter Include="Header Files\Network">
      <UniqueIdentifier>{8f434a48-4e81-410c-a12b-0fdfe0e2ed88}</UniqueIdentifier>
    </Filter>
    <Filter Include="Source Files\Network">
      <UniqueIdentifier>{d4a25ecc-58f7-4fdf-a20d-2961eed914d8}</UniqueIdentifier>
    </Filter>
    <Filter Include="Header Files\Utility">
      <UniqueIdentifier>{a70c82d8-99de-474c-b720-1159bb9c5c52}</UniqueIdentifier>
    </Filter>
    <Filter Include="Source Files\Utility">
      <UniqueIdentifier>{3bb54759-3257-4e99-9e9c-8f7d51684c49}</UniqueIdentifier>
    </Filter>
    <Filter Include="Source Files\GameObjects">
      <UniqueIdentifier>{c2aade86-15e5-43f9-aadc-cf47b4c1557f}</UniqueIdentifier>
    </Filter>
    <Filter Include="Header Files\GameObjects">
      <UniqueIdentifier>{b5761fb8-b8c9-4f8b-8147-262eb97946c3}</UniqueIdentifier>
    </Filter>
    <Filter Include="Header Files\Wrappers">
      <UniqueIdentifier>{4b200214-1b16-4641-841c-70594d8bed2e}</UniqueIdentifier>
    </Filter>
    <Filter Include="Source Files\Wrappers">
      <UniqueIdentifier>{c6332321-c71f-41da-b2e6-f33e6aabcc28}</UniqueIdentifier>
    </Filter>
  </ItemGroup>
</Project>